// !$*UTF8*$!
{
	archiveVersion = 1;
	classes = {
	};
	objectVersion = 46;
	objects = {

/* Begin PBXBuildFile section */
		7DE84D3FE62647EC9C5D71FE /* libPods.a in Frameworks */ = {isa = PBXBuildFile; fileRef = B5AEC4DB01C146D48E850BE7 /* libPods.a */; };
		A109021D18613CE4004B7A56 /* TOCCancelToken+MoreConstructors.m in Sources */ = {isa = PBXBuildFile; fileRef = A109021C18613CE4004B7A56 /* TOCCancelToken+MoreConstructors.m */; };
		A109022118613E8F004B7A56 /* TOCInternal_OnDeallocObject.m in Sources */ = {isa = PBXBuildFile; fileRef = A109022018613E8F004B7A56 /* TOCInternal_OnDeallocObject.m */; };
		A1090224186145ED004B7A56 /* TOCCancelToken+MoreConstructorsTest.m in Sources */ = {isa = PBXBuildFile; fileRef = A1090223186145ED004B7A56 /* TOCCancelToken+MoreConstructorsTest.m */; };
		A1209B201808696100D6831C /* NSArray+TOCFuture.m in Sources */ = {isa = PBXBuildFile; fileRef = A1209B1F1808696100D6831C /* NSArray+TOCFuture.m */; };
		A1209B2418086A8F00D6831C /* TOCFutureArrayUtilTest.m in Sources */ = {isa = PBXBuildFile; fileRef = A1209B2318086A8F00D6831C /* TOCFutureArrayUtilTest.m */; };
		A1209B27180888E800D6831C /* TOCCancelTokenAndSource.m in Sources */ = {isa = PBXBuildFile; fileRef = A1209B26180888E800D6831C /* TOCCancelTokenAndSource.m */; };
		A1209B2A1808E51B00D6831C /* TOCCancelTokenTest.m in Sources */ = {isa = PBXBuildFile; fileRef = A1209B291808E51B00D6831C /* TOCCancelTokenTest.m */; };
		A1209B2D180DD34F00D6831C /* TOCFuture+MoreContinuations.m in Sources */ = {isa = PBXBuildFile; fileRef = A1209B2C180DD34F00D6831C /* TOCFuture+MoreContinuations.m */; };
		A1209B30180DD50200D6831C /* TOCFuture+MoreContinuationsTest.m in Sources */ = {isa = PBXBuildFile; fileRef = A1209B2F180DD50200D6831C /* TOCFuture+MoreContinuationsTest.m */; };
		A1209B32180DD52A00D6831C /* TOCFutureSourceTest.m in Sources */ = {isa = PBXBuildFile; fileRef = A1209B31180DD52A00D6831C /* TOCFutureSourceTest.m */; };
		A1209B43180F4A9300D6831C /* TOCInternal_Racer.m in Sources */ = {isa = PBXBuildFile; fileRef = A1209B42180F4A9300D6831C /* TOCInternal_Racer.m */; };
		A1209B4F180F4F4600D6831C /* TOCInternal_Array+Functional.m in Sources */ = {isa = PBXBuildFile; fileRef = A1209B4E180F4F4600D6831C /* TOCInternal_Array+Functional.m */; };
		A1209B53181084FD00D6831C /* TOCTimeout.m in Sources */ = {isa = PBXBuildFile; fileRef = A1209B52181084FD00D6831C /* TOCTimeout.m */; };
		A19E0C3C17DBB27B00A5FD69 /* Foundation.framework in Frameworks */ = {isa = PBXBuildFile; fileRef = A19E0C3B17DBB27B00A5FD69 /* Foundation.framework */; };
		A19E0C4E17DBB27B00A5FD69 /* Foundation.framework in Frameworks */ = {isa = PBXBuildFile; fileRef = A19E0C3B17DBB27B00A5FD69 /* Foundation.framework */; };
		A1A0196D1807641000A052A6 /* TOCFuture+MoreConstructorsTest.m in Sources */ = {isa = PBXBuildFile; fileRef = A1A019671807641000A052A6 /* TOCFuture+MoreConstructorsTest.m */; };
		A1A0196E1807641000A052A6 /* TOCFutureTest.m in Sources */ = {isa = PBXBuildFile; fileRef = A1A019681807641000A052A6 /* TOCFutureTest.m */; };
		A1A0196F1807641000A052A6 /* Testing.m in Sources */ = {isa = PBXBuildFile; fileRef = A1A0196A1807641000A052A6 /* Testing.m */; };
		A1A019CB180774B600A052A6 /* TOCFutureAndSource.m in Sources */ = {isa = PBXBuildFile; fileRef = A1A019C7180774B600A052A6 /* TOCFutureAndSource.m */; };
		A1A019CD180774B600A052A6 /* TOCFuture+MoreContructors.m in Sources */ = {isa = PBXBuildFile; fileRef = A1A019C9180774B600A052A6 /* TOCFuture+MoreContructors.m */; };
		A1A134E718BD8C1A0067ECB0 /* TOCInternal_Array+Functional.m in Sources */ = {isa = PBXBuildFile; fileRef = A1209B4E180F4F4600D6831C /* TOCInternal_Array+Functional.m */; };
		A1A134E818BD8C230067ECB0 /* TOCCancelToken+MoreConstructors.m in Sources */ = {isa = PBXBuildFile; fileRef = A109021C18613CE4004B7A56 /* TOCCancelToken+MoreConstructors.m */; };
		A1A134E918BD8C2B0067ECB0 /* NSArray+TOCFuture.m in Sources */ = {isa = PBXBuildFile; fileRef = A1209B1F1808696100D6831C /* NSArray+TOCFuture.m */; };
		A1A134EA18BD8C2B0067ECB0 /* TOCCancelTokenAndSource.m in Sources */ = {isa = PBXBuildFile; fileRef = A1209B26180888E800D6831C /* TOCCancelTokenAndSource.m */; };
		A1A134EB18BD8C2B0067ECB0 /* TOCFuture+MoreContinuations.m in Sources */ = {isa = PBXBuildFile; fileRef = A1209B2C180DD34F00D6831C /* TOCFuture+MoreContinuations.m */; };
		A1A134EC18BD8C2B0067ECB0 /* TOCFuture+MoreContructors.m in Sources */ = {isa = PBXBuildFile; fileRef = A1A019C9180774B600A052A6 /* TOCFuture+MoreContructors.m */; };
		A1A134ED18BD8C2B0067ECB0 /* TOCFutureAndSource.m in Sources */ = {isa = PBXBuildFile; fileRef = A1A019C7180774B600A052A6 /* TOCFutureAndSource.m */; };
		A1A134EE18BD8C2B0067ECB0 /* TOCTimeout.m in Sources */ = {isa = PBXBuildFile; fileRef = A1209B52181084FD00D6831C /* TOCTimeout.m */; };
		A1A134EF18BD8C2F0067ECB0 /* TOCInternal_BlockObject.m in Sources */ = {isa = PBXBuildFile; fileRef = A1B6BF251810F04900226FE5 /* TOCInternal_BlockObject.m */; };
		A1A134F018BD8C2F0067ECB0 /* TOCInternal_OnDeallocObject.m in Sources */ = {isa = PBXBuildFile; fileRef = A109022018613E8F004B7A56 /* TOCInternal_OnDeallocObject.m */; };
		A1A134F118BD8C2F0067ECB0 /* TOCInternal_Racer.m in Sources */ = {isa = PBXBuildFile; fileRef = A1209B42180F4A9300D6831C /* TOCInternal_Racer.m */; };
		A1B6BF261810F04900226FE5 /* TOCInternal_BlockObject.m in Sources */ = {isa = PBXBuildFile; fileRef = A1B6BF251810F04900226FE5 /* TOCInternal_BlockObject.m */; };
		BA69685D31B3433D8AEDE4FA /* libPods.a in Frameworks */ = {isa = PBXBuildFile; fileRef = B5AEC4DB01C146D48E850BE7 /* libPods.a */; };
		BFD8DA6E19400F16002D37B7 /* XCTest.framework in Frameworks */ = {isa = PBXBuildFile; fileRef = BFD8DA6D19400F16002D37B7 /* XCTest.framework */; };
/* End PBXBuildFile section */

/* Begin PBXContainerItemProxy section */
		A19E0C4F17DBB27B00A5FD69 /* PBXContainerItemProxy */ = {
			isa = PBXContainerItemProxy;
			containerPortal = A19E0C3017DBB27B00A5FD69 /* Project object */;
			proxyType = 1;
			remoteGlobalIDString = A19E0C3717DBB27B00A5FD69;
			remoteInfo = CollapsingFutures;
		};
/* End PBXContainerItemProxy section */

/* Begin PBXCopyFilesBuildPhase section */
		A19E0C3617DBB27B00A5FD69 /* CopyFiles */ = {
			isa = PBXCopyFilesBuildPhase;
			buildActionMask = 2147483647;
			dstPath = "include/${PRODUCT_NAME}";
			dstSubfolderSpec = 16;
			files = (
			);
			runOnlyForDeploymentPostprocessing = 0;
		};
/* End PBXCopyFilesBuildPhase section */

/* Begin PBXFileReference section */
		4F43A5218EDA44E9AEE40B77 /* Pods.xcconfig */ = {isa = PBXFileReference; includeInIndex = 1; lastKnownFileType = text.xcconfig; name = Pods.xcconfig; path = Pods/Pods.xcconfig; sourceTree = "<group>"; };
		A109021B18613CE4004B7A56 /* TOCCancelToken+MoreConstructors.h */ = {isa = PBXFileReference; fileEncoding = 4; lastKnownFileType = sourcecode.c.h; path = "TOCCancelToken+MoreConstructors.h"; sourceTree = "<group>"; };
		A109021C18613CE4004B7A56 /* TOCCancelToken+MoreConstructors.m */ = {isa = PBXFileReference; fileEncoding = 4; lastKnownFileType = sourcecode.c.objc; path = "TOCCancelToken+MoreConstructors.m"; sourceTree = "<group>"; };
		A109021F18613E8F004B7A56 /* TOCInternal_OnDeallocObject.h */ = {isa = PBXFileReference; fileEncoding = 4; lastKnownFileType = sourcecode.c.h; path = TOCInternal_OnDeallocObject.h; sourceTree = "<group>"; };
		A109022018613E8F004B7A56 /* TOCInternal_OnDeallocObject.m */ = {isa = PBXFileReference; fileEncoding = 4; lastKnownFileType = sourcecode.c.objc; path = TOCInternal_OnDeallocObject.m; sourceTree = "<group>"; };
		A1090223186145ED004B7A56 /* TOCCancelToken+MoreConstructorsTest.m */ = {isa = PBXFileReference; fileEncoding = 4; lastKnownFileType = sourcecode.c.objc; path = "TOCCancelToken+MoreConstructorsTest.m"; sourceTree = "<group>"; };
		A1209B1E1808696100D6831C /* NSArray+TOCFuture.h */ = {isa = PBXFileReference; fileEncoding = 4; lastKnownFileType = sourcecode.c.h; path = "NSArray+TOCFuture.h"; sourceTree = "<group>"; };
		A1209B1F1808696100D6831C /* NSArray+TOCFuture.m */ = {isa = PBXFileReference; fileEncoding = 4; lastKnownFileType = sourcecode.c.objc; path = "NSArray+TOCFuture.m"; sourceTree = "<group>"; };
		A1209B2318086A8F00D6831C /* TOCFutureArrayUtilTest.m */ = {isa = PBXFileReference; fileEncoding = 4; lastKnownFileType = sourcecode.c.objc; path = TOCFutureArrayUtilTest.m; sourceTree = "<group>"; };
		A1209B25180888E800D6831C /* TOCCancelTokenAndSource.h */ = {isa = PBXFileReference; fileEncoding = 4; lastKnownFileType = sourcecode.c.h; path = TOCCancelTokenAndSource.h; sourceTree = "<group>"; };
		A1209B26180888E800D6831C /* TOCCancelTokenAndSource.m */ = {isa = PBXFileReference; fileEncoding = 4; lastKnownFileType = sourcecode.c.objc; path = TOCCancelTokenAndSource.m; sourceTree = "<group>"; };
		A1209B291808E51B00D6831C /* TOCCancelTokenTest.m */ = {isa = PBXFileReference; fileEncoding = 4; lastKnownFileType = sourcecode.c.objc; path = TOCCancelTokenTest.m; sourceTree = "<group>"; };
		A1209B2B180DD34F00D6831C /* TOCFuture+MoreContinuations.h */ = {isa = PBXFileReference; fileEncoding = 4; lastKnownFileType = sourcecode.c.h; path = "TOCFuture+MoreContinuations.h"; sourceTree = "<group>"; };
		A1209B2C180DD34F00D6831C /* TOCFuture+MoreContinuations.m */ = {isa = PBXFileReference; fileEncoding = 4; lastKnownFileType = sourcecode.c.objc; path = "TOCFuture+MoreContinuations.m"; sourceTree = "<group>"; };
		A1209B2F180DD50200D6831C /* TOCFuture+MoreContinuationsTest.m */ = {isa = PBXFileReference; fileEncoding = 4; lastKnownFileType = sourcecode.c.objc; path = "TOCFuture+MoreContinuationsTest.m"; sourceTree = "<group>"; };
		A1209B31180DD52A00D6831C /* TOCFutureSourceTest.m */ = {isa = PBXFileReference; fileEncoding = 4; lastKnownFileType = sourcecode.c.objc; path = TOCFutureSourceTest.m; sourceTree = "<group>"; };
		A1209B3D180F4A7800D6831C /* TOCInternal.h */ = {isa = PBXFileReference; fileEncoding = 4; lastKnownFileType = sourcecode.c.h; path = TOCInternal.h; sourceTree = "<group>"; };
		A1209B41180F4A9300D6831C /* TOCInternal_Racer.h */ = {isa = PBXFileReference; fileEncoding = 4; lastKnownFileType = sourcecode.c.h; path = TOCInternal_Racer.h; sourceTree = "<group>"; };
		A1209B42180F4A9300D6831C /* TOCInternal_Racer.m */ = {isa = PBXFileReference; fileEncoding = 4; lastKnownFileType = sourcecode.c.objc; path = TOCInternal_Racer.m; sourceTree = "<group>"; };
		A1209B45180F4B1F00D6831C /* TOCTypeDefs.h */ = {isa = PBXFileReference; fileEncoding = 4; lastKnownFileType = sourcecode.c.h; path = TOCTypeDefs.h; sourceTree = "<group>"; };
		A1209B4D180F4F4600D6831C /* TOCInternal_Array+Functional.h */ = {isa = PBXFileReference; fileEncoding = 4; lastKnownFileType = sourcecode.c.h; path = "TOCInternal_Array+Functional.h"; sourceTree = "<group>"; };
		A1209B4E180F4F4600D6831C /* TOCInternal_Array+Functional.m */ = {isa = PBXFileReference; fileEncoding = 4; lastKnownFileType = sourcecode.c.objc; path = "TOCInternal_Array+Functional.m"; sourceTree = "<group>"; };
		A1209B51181084FD00D6831C /* TOCTimeout.h */ = {isa = PBXFileReference; fileEncoding = 4; lastKnownFileType = sourcecode.c.h; path = TOCTimeout.h; sourceTree = "<group>"; };
		A1209B52181084FD00D6831C /* TOCTimeout.m */ = {isa = PBXFileReference; fileEncoding = 4; lastKnownFileType = sourcecode.c.objc; path = TOCTimeout.m; sourceTree = "<group>"; };
		A19E0C3817DBB27B00A5FD69 /* libCollapsingFutures.a */ = {isa = PBXFileReference; explicitFileType = archive.ar; includeInIndex = 0; path = libCollapsingFutures.a; sourceTree = BUILT_PRODUCTS_DIR; };
		A19E0C3B17DBB27B00A5FD69 /* Foundation.framework */ = {isa = PBXFileReference; lastKnownFileType = wrapper.framework; name = Foundation.framework; path = System/Library/Frameworks/Foundation.framework; sourceTree = SDKROOT; };
		A19E0C4917DBB27B00A5FD69 /* CollapsingFuturesTests.xctest */ = {isa = PBXFileReference; explicitFileType = wrapper.cfbundle; includeInIndex = 0; path = CollapsingFuturesTests.xctest; sourceTree = BUILT_PRODUCTS_DIR; };
		A1A019671807641000A052A6 /* TOCFuture+MoreConstructorsTest.m */ = {isa = PBXFileReference; fileEncoding = 4; lastKnownFileType = sourcecode.c.objc; path = "TOCFuture+MoreConstructorsTest.m"; sourceTree = "<group>"; };
		A1A019681807641000A052A6 /* TOCFutureTest.m */ = {isa = PBXFileReference; fileEncoding = 4; lastKnownFileType = sourcecode.c.objc; path = TOCFutureTest.m; sourceTree = "<group>"; };
		A1A019691807641000A052A6 /* Testing.h */ = {isa = PBXFileReference; fileEncoding = 4; lastKnownFileType = sourcecode.c.h; path = Testing.h; sourceTree = "<group>"; };
		A1A0196A1807641000A052A6 /* Testing.m */ = {isa = PBXFileReference; fileEncoding = 4; lastKnownFileType = sourcecode.c.objc; path = Testing.m; sourceTree = "<group>"; };
		A1A019C6180774B600A052A6 /* TOCFutureAndSource.h */ = {isa = PBXFileReference; fileEncoding = 4; lastKnownFileType = sourcecode.c.h; path = TOCFutureAndSource.h; sourceTree = "<group>"; };
		A1A019C7180774B600A052A6 /* TOCFutureAndSource.m */ = {isa = PBXFileReference; fileEncoding = 4; lastKnownFileType = sourcecode.c.objc; path = TOCFutureAndSource.m; sourceTree = "<group>"; };
		A1A019C8180774B600A052A6 /* TOCFuture+MoreContructors.h */ = {isa = PBXFileReference; fileEncoding = 4; lastKnownFileType = sourcecode.c.h; path = "TOCFuture+MoreContructors.h"; sourceTree = "<group>"; };
		A1A019C9180774B600A052A6 /* TOCFuture+MoreContructors.m */ = {isa = PBXFileReference; fileEncoding = 4; lastKnownFileType = sourcecode.c.objc; path = "TOCFuture+MoreContructors.m"; sourceTree = "<group>"; };
		A1A019CA180774B600A052A6 /* TwistedOakCollapsingFutures.h */ = {isa = PBXFileReference; fileEncoding = 4; lastKnownFileType = sourcecode.c.h; path = TwistedOakCollapsingFutures.h; sourceTree = "<group>"; };
		A1B6BF241810F04900226FE5 /* TOCInternal_BlockObject.h */ = {isa = PBXFileReference; fileEncoding = 4; lastKnownFileType = sourcecode.c.h; path = TOCInternal_BlockObject.h; sourceTree = "<group>"; };
		A1B6BF251810F04900226FE5 /* TOCInternal_BlockObject.m */ = {isa = PBXFileReference; fileEncoding = 4; lastKnownFileType = sourcecode.c.objc; path = TOCInternal_BlockObject.m; sourceTree = "<group>"; };
		A1E4235818C2760D00A15F74 /* CollapsingFutures.h */ = {isa = PBXFileReference; lastKnownFileType = sourcecode.c.h; path = CollapsingFutures.h; sourceTree = "<group>"; };
		B5AEC4DB01C146D48E850BE7 /* libPods.a */ = {isa = PBXFileReference; explicitFileType = archive.ar; includeInIndex = 0; path = libPods.a; sourceTree = BUILT_PRODUCTS_DIR; };
		BFD8DA6D19400F16002D37B7 /* XCTest.framework */ = {isa = PBXFileReference; lastKnownFileType = wrapper.framework; name = XCTest.framework; path = Library/Frameworks/XCTest.framework; sourceTree = DEVELOPER_DIR; };
/* End PBXFileReference section */

/* Begin PBXFrameworksBuildPhase section */
		A19E0C3517DBB27B00A5FD69 /* Frameworks */ = {
			isa = PBXFrameworksBuildPhase;
			buildActionMask = 2147483647;
			files = (
				A19E0C3C17DBB27B00A5FD69 /* Foundation.framework in Frameworks */,
				7DE84D3FE62647EC9C5D71FE /* libPods.a in Frameworks */,
			);
			runOnlyForDeploymentPostprocessing = 0;
		};
		A19E0C4517DBB27B00A5FD69 /* Frameworks */ = {
			isa = PBXFrameworksBuildPhase;
			buildActionMask = 2147483647;
			files = (
				BFD8DA6E19400F16002D37B7 /* XCTest.framework in Frameworks */,
				A19E0C4E17DBB27B00A5FD69 /* Foundation.framework in Frameworks */,
				BA69685D31B3433D8AEDE4FA /* libPods.a in Frameworks */,
			);
			runOnlyForDeploymentPostprocessing = 0;
		};
/* End PBXFrameworksBuildPhase section */

/* Begin PBXGroup section */
		A1209B3C180F4A7800D6831C /* internal */ = {
			isa = PBXGroup;
			children = (
				A1209B3D180F4A7800D6831C /* TOCInternal.h */,
				A1209B4D180F4F4600D6831C /* TOCInternal_Array+Functional.h */,
				A1209B4E180F4F4600D6831C /* TOCInternal_Array+Functional.m */,
				A1B6BF241810F04900226FE5 /* TOCInternal_BlockObject.h */,
				A1B6BF251810F04900226FE5 /* TOCInternal_BlockObject.m */,
				A109021F18613E8F004B7A56 /* TOCInternal_OnDeallocObject.h */,
				A109022018613E8F004B7A56 /* TOCInternal_OnDeallocObject.m */,
				A1209B41180F4A9300D6831C /* TOCInternal_Racer.h */,
				A1209B42180F4A9300D6831C /* TOCInternal_Racer.m */,
			);
			path = internal;
			sourceTree = "<group>";
		};
		A19E0C2F17DBB27B00A5FD69 = {
			isa = PBXGroup;
			children = (
				A19E0C3A17DBB27B00A5FD69 /* Frameworks */,
				A19E0C3917DBB27B00A5FD69 /* Products */,
				A1A019C5180774B600A052A6 /* src */,
				A1A019621807641000A052A6 /* test */,
				4F43A5218EDA44E9AEE40B77 /* Pods.xcconfig */,
			);
			sourceTree = "<group>";
		};
		A19E0C3917DBB27B00A5FD69 /* Products */ = {
			isa = PBXGroup;
			children = (
				A19E0C3817DBB27B00A5FD69 /* libCollapsingFutures.a */,
				A19E0C4917DBB27B00A5FD69 /* CollapsingFuturesTests.xctest */,
			);
			name = Products;
			sourceTree = "<group>";
		};
		A19E0C3A17DBB27B00A5FD69 /* Frameworks */ = {
			isa = PBXGroup;
			children = (
				BFD8DA6D19400F16002D37B7 /* XCTest.framework */,
				A19E0C3B17DBB27B00A5FD69 /* Foundation.framework */,
				B5AEC4DB01C146D48E850BE7 /* libPods.a */,
			);
			name = Frameworks;
			sourceTree = "<group>";
		};
		A1A019621807641000A052A6 /* test */ = {
			isa = PBXGroup;
			children = (
				A1A019661807641000A052A6 /* src */,
				A1A019691807641000A052A6 /* Testing.h */,
				A1A0196A1807641000A052A6 /* Testing.m */,
			);
			path = test;
			sourceTree = "<group>";
		};
		A1A019661807641000A052A6 /* src */ = {
			isa = PBXGroup;
			children = (
				A1090223186145ED004B7A56 /* TOCCancelToken+MoreConstructorsTest.m */,
				A1209B291808E51B00D6831C /* TOCCancelTokenTest.m */,
				A1A019671807641000A052A6 /* TOCFuture+MoreConstructorsTest.m */,
				A1209B2F180DD50200D6831C /* TOCFuture+MoreContinuationsTest.m */,
				A1209B2318086A8F00D6831C /* TOCFutureArrayUtilTest.m */,
				A1209B31180DD52A00D6831C /* TOCFutureSourceTest.m */,
				A1A019681807641000A052A6 /* TOCFutureTest.m */,
			);
			path = src;
			sourceTree = "<group>";
		};
		A1A019C5180774B600A052A6 /* src */ = {
			isa = PBXGroup;
			children = (
				A1E4235818C2760D00A15F74 /* CollapsingFutures.h */,
				A1209B3C180F4A7800D6831C /* internal */,
				A1209B1E1808696100D6831C /* NSArray+TOCFuture.h */,
				A1209B1F1808696100D6831C /* NSArray+TOCFuture.m */,
				A109021B18613CE4004B7A56 /* TOCCancelToken+MoreConstructors.h */,
				A109021C18613CE4004B7A56 /* TOCCancelToken+MoreConstructors.m */,
				A1209B25180888E800D6831C /* TOCCancelTokenAndSource.h */,
				A1209B26180888E800D6831C /* TOCCancelTokenAndSource.m */,
				A1209B2B180DD34F00D6831C /* TOCFuture+MoreContinuations.h */,
				A1209B2C180DD34F00D6831C /* TOCFuture+MoreContinuations.m */,
				A1A019C8180774B600A052A6 /* TOCFuture+MoreContructors.h */,
				A1A019C9180774B600A052A6 /* TOCFuture+MoreContructors.m */,
				A1A019C6180774B600A052A6 /* TOCFutureAndSource.h */,
				A1A019C7180774B600A052A6 /* TOCFutureAndSource.m */,
				A1209B51181084FD00D6831C /* TOCTimeout.h */,
				A1209B52181084FD00D6831C /* TOCTimeout.m */,
				A1209B45180F4B1F00D6831C /* TOCTypeDefs.h */,
				A1A019CA180774B600A052A6 /* TwistedOakCollapsingFutures.h */,
			);
			path = src;
			sourceTree = "<group>";
		};
/* End PBXGroup section */

/* Begin PBXNativeTarget section */
		A19E0C3717DBB27B00A5FD69 /* CollapsingFutures */ = {
			isa = PBXNativeTarget;
			buildConfigurationList = A19E0C5D17DBB27B00A5FD69 /* Build configuration list for PBXNativeTarget "CollapsingFutures" */;
			buildPhases = (
				5F57C8AB77184E7A977B5B6B /* Check Pods Manifest.lock */,
				A19E0C3417DBB27B00A5FD69 /* Sources */,
				A19E0C3517DBB27B00A5FD69 /* Frameworks */,
				A19E0C3617DBB27B00A5FD69 /* CopyFiles */,
				F6B83BFE906F47D9AB813C58 /* Copy Pods Resources */,
			);
			buildRules = (
			);
			dependencies = (
			);
			name = CollapsingFutures;
			productName = CollapsingFutures;
			productReference = A19E0C3817DBB27B00A5FD69 /* libCollapsingFutures.a */;
			productType = "com.apple.product-type.library.static";
		};
		A19E0C4817DBB27B00A5FD69 /* CollapsingFuturesTests */ = {
			isa = PBXNativeTarget;
			buildConfigurationList = A19E0C6017DBB27B00A5FD69 /* Build configuration list for PBXNativeTarget "CollapsingFuturesTests" */;
			buildPhases = (
				696D2CCB7C3E4654B02EE784 /* Check Pods Manifest.lock */,
				A19E0C4417DBB27B00A5FD69 /* Sources */,
				A19E0C4517DBB27B00A5FD69 /* Frameworks */,
				A19E0C4617DBB27B00A5FD69 /* Resources */,
				A19E0C4717DBB27B00A5FD69 /* ShellScript */,
				CBC7E98184DF4C38BB417F42 /* Copy Pods Resources */,
			);
			buildRules = (
			);
			dependencies = (
				A19E0C5017DBB27B00A5FD69 /* PBXTargetDependency */,
			);
			name = CollapsingFuturesTests;
			productName = CollapsingFuturesTests;
			productReference = A19E0C4917DBB27B00A5FD69 /* CollapsingFuturesTests.xctest */;
			productType = "com.apple.product-type.bundle.unit-test";
		};
/* End PBXNativeTarget section */

/* Begin PBXProject section */
		A19E0C3017DBB27B00A5FD69 /* Project object */ = {
			isa = PBXProject;
			attributes = {
				LastTestingUpgradeCheck = 0510;
				LastUpgradeCheck = 0460;
				ORGANIZATIONNAME = "Twisted Oak Studios";
			};
			buildConfigurationList = A19E0C3317DBB27B00A5FD69 /* Build configuration list for PBXProject "CollapsingFutures" */;
			compatibilityVersion = "Xcode 3.2";
			developmentRegion = English;
			hasScannedForEncodings = 0;
			knownRegions = (
				en,
			);
			mainGroup = A19E0C2F17DBB27B00A5FD69;
			productRefGroup = A19E0C3917DBB27B00A5FD69 /* Products */;
			projectDirPath = "";
			projectRoot = "";
			targets = (
				A19E0C3717DBB27B00A5FD69 /* CollapsingFutures */,
				A19E0C4817DBB27B00A5FD69 /* CollapsingFuturesTests */,
			);
		};
/* End PBXProject section */

/* Begin PBXResourcesBuildPhase section */
		A19E0C4617DBB27B00A5FD69 /* Resources */ = {
			isa = PBXResourcesBuildPhase;
			buildActionMask = 2147483647;
			files = (
			);
			runOnlyForDeploymentPostprocessing = 0;
		};
/* End PBXResourcesBuildPhase section */

/* Begin PBXShellScriptBuildPhase section */
		5F57C8AB77184E7A977B5B6B /* Check Pods Manifest.lock */ = {
			isa = PBXShellScriptBuildPhase;
			buildActionMask = 2147483647;
			files = (
			);
			inputPaths = (
			);
			name = "Check Pods Manifest.lock";
			outputPaths = (
			);
			runOnlyForDeploymentPostprocessing = 0;
			shellPath = /bin/sh;
			shellScript = "diff \"${PODS_ROOT}/../Podfile.lock\" \"${PODS_ROOT}/Manifest.lock\" > /dev/null\nif [[ $? != 0 ]] ; then\n    cat << EOM\nerror: The sandbox is not in sync with the Podfile.lock. Run 'pod install' or update your CocoaPods installation.\nEOM\n    exit 1\nfi\n";
			showEnvVarsInLog = 0;
		};
		696D2CCB7C3E4654B02EE784 /* Check Pods Manifest.lock */ = {
			isa = PBXShellScriptBuildPhase;
			buildActionMask = 2147483647;
			files = (
			);
			inputPaths = (
			);
			name = "Check Pods Manifest.lock";
			outputPaths = (
			);
			runOnlyForDeploymentPostprocessing = 0;
			shellPath = /bin/sh;
			shellScript = "diff \"${PODS_ROOT}/../Podfile.lock\" \"${PODS_ROOT}/Manifest.lock\" > /dev/null\nif [[ $? != 0 ]] ; then\n    cat << EOM\nerror: The sandbox is not in sync with the Podfile.lock. Run 'pod install' or update your CocoaPods installation.\nEOM\n    exit 1\nfi\n";
			showEnvVarsInLog = 0;
		};
		A19E0C4717DBB27B00A5FD69 /* ShellScript */ = {
			isa = PBXShellScriptBuildPhase;
			buildActionMask = 2147483647;
			files = (
			);
			inputPaths = (
			);
			outputPaths = (
			);
			runOnlyForDeploymentPostprocessing = 0;
			shellPath = /bin/sh;
			shellScript = "# Run the unit tests in this test bundle.\n\"${SYSTEM_DEVELOPER_DIR}/Tools/RunUnitTests\"\n";
		};
		CBC7E98184DF4C38BB417F42 /* Copy Pods Resources */ = {
			isa = PBXShellScriptBuildPhase;
			buildActionMask = 2147483647;
			files = (
			);
			inputPaths = (
			);
			name = "Copy Pods Resources";
			outputPaths = (
			);
			runOnlyForDeploymentPostprocessing = 0;
			shellPath = /bin/sh;
			shellScript = "\"${SRCROOT}/Pods/Pods-resources.sh\"\n";
			showEnvVarsInLog = 0;
		};
		F6B83BFE906F47D9AB813C58 /* Copy Pods Resources */ = {
			isa = PBXShellScriptBuildPhase;
			buildActionMask = 2147483647;
			files = (
			);
			inputPaths = (
			);
			name = "Copy Pods Resources";
			outputPaths = (
			);
			runOnlyForDeploymentPostprocessing = 0;
			shellPath = /bin/sh;
			shellScript = "\"${SRCROOT}/Pods/Pods-resources.sh\"\n";
			showEnvVarsInLog = 0;
		};
/* End PBXShellScriptBuildPhase section */

/* Begin PBXSourcesBuildPhase section */
		A19E0C3417DBB27B00A5FD69 /* Sources */ = {
			isa = PBXSourcesBuildPhase;
			buildActionMask = 2147483647;
			files = (
				A1209B27180888E800D6831C /* TOCCancelTokenAndSource.m in Sources */,
				A109022118613E8F004B7A56 /* TOCInternal_OnDeallocObject.m in Sources */,
				A1A019CD180774B600A052A6 /* TOCFuture+MoreContructors.m in Sources */,
				A109021D18613CE4004B7A56 /* TOCCancelToken+MoreConstructors.m in Sources */,
				A1B6BF261810F04900226FE5 /* TOCInternal_BlockObject.m in Sources */,
				A1209B53181084FD00D6831C /* TOCTimeout.m in Sources */,
				A1A019CB180774B600A052A6 /* TOCFutureAndSource.m in Sources */,
				A1209B201808696100D6831C /* NSArray+TOCFuture.m in Sources */,
				A1209B43180F4A9300D6831C /* TOCInternal_Racer.m in Sources */,
				A1209B4F180F4F4600D6831C /* TOCInternal_Array+Functional.m in Sources */,
				A1209B2D180DD34F00D6831C /* TOCFuture+MoreContinuations.m in Sources */,
			);
			runOnlyForDeploymentPostprocessing = 0;
		};
		A19E0C4417DBB27B00A5FD69 /* Sources */ = {
			isa = PBXSourcesBuildPhase;
			buildActionMask = 2147483647;
			files = (
				A1A134F118BD8C2F0067ECB0 /* TOCInternal_Racer.m in Sources */,
				A1A134ED18BD8C2B0067ECB0 /* TOCFutureAndSource.m in Sources */,
				A1209B2A1808E51B00D6831C /* TOCCancelTokenTest.m in Sources */,
				A1A0196D1807641000A052A6 /* TOCFuture+MoreConstructorsTest.m in Sources */,
				A1A134E818BD8C230067ECB0 /* TOCCancelToken+MoreConstructors.m in Sources */,
				A1A134EE18BD8C2B0067ECB0 /* TOCTimeout.m in Sources */,
				A1A134E918BD8C2B0067ECB0 /* NSArray+TOCFuture.m in Sources */,
				A1A0196F1807641000A052A6 /* Testing.m in Sources */,
				A1A134EB18BD8C2B0067ECB0 /* TOCFuture+MoreContinuations.m in Sources */,
				A1A134EA18BD8C2B0067ECB0 /* TOCCancelTokenAndSource.m in Sources */,
				A1A134EC18BD8C2B0067ECB0 /* TOCFuture+MoreContructors.m in Sources */,
				A1A134EF18BD8C2F0067ECB0 /* TOCInternal_BlockObject.m in Sources */,
				A1A0196E1807641000A052A6 /* TOCFutureTest.m in Sources */,
				A1A134F018BD8C2F0067ECB0 /* TOCInternal_OnDeallocObject.m in Sources */,
				A1209B32180DD52A00D6831C /* TOCFutureSourceTest.m in Sources */,
				A1209B2418086A8F00D6831C /* TOCFutureArrayUtilTest.m in Sources */,
				A1A134E718BD8C1A0067ECB0 /* TOCInternal_Array+Functional.m in Sources */,
				A1209B30180DD50200D6831C /* TOCFuture+MoreContinuationsTest.m in Sources */,
				A1090224186145ED004B7A56 /* TOCCancelToken+MoreConstructorsTest.m in Sources */,
			);
			runOnlyForDeploymentPostprocessing = 0;
		};
/* End PBXSourcesBuildPhase section */

/* Begin PBXTargetDependency section */
		A19E0C5017DBB27B00A5FD69 /* PBXTargetDependency */ = {
			isa = PBXTargetDependency;
			target = A19E0C3717DBB27B00A5FD69 /* CollapsingFutures */;
			targetProxy = A19E0C4F17DBB27B00A5FD69 /* PBXContainerItemProxy */;
		};
/* End PBXTargetDependency section */

/* Begin XCBuildConfiguration section */
		A19E0C5B17DBB27B00A5FD69 /* Debug */ = {
			isa = XCBuildConfiguration;
			buildSettings = {
				ALWAYS_SEARCH_USER_PATHS = NO;
				CLANG_ANALYZER_SECURITY_FLOATLOOPCOUNTER = YES;
				CLANG_ANALYZER_SECURITY_INSECUREAPI_RAND = YES;
				CLANG_ANALYZER_SECURITY_INSECUREAPI_STRCPY = YES;
				CLANG_CXX_LANGUAGE_STANDARD = "gnu++0x";
				CLANG_CXX_LIBRARY = "libc++";
				CLANG_ENABLE_OBJC_ARC = YES;
				CLANG_STATIC_ANALYZER_MODE = deep;
				CLANG_WARN_CONSTANT_CONVERSION = YES;
				CLANG_WARN_CXX0X_EXTENSIONS = YES;
				CLANG_WARN_DEPRECATED_OBJC_IMPLEMENTATIONS = YES;
				CLANG_WARN_DOCUMENTATION_COMMENTS = YES;
				CLANG_WARN_EMPTY_BODY = YES;
				CLANG_WARN_ENUM_CONVERSION = YES;
				CLANG_WARN_IMPLICIT_SIGN_CONVERSION = YES;
				CLANG_WARN_INT_CONVERSION = YES;
				CLANG_WARN_OBJC_EXPLICIT_OWNERSHIP_TYPE = YES;
				CLANG_WARN_OBJC_IMPLICIT_ATOMIC_PROPERTIES = YES;
				CLANG_WARN_OBJC_IMPLICIT_RETAIN_SELF = YES;
				CLANG_WARN_OBJC_MISSING_PROPERTY_SYNTHESIS = YES;
				CLANG_WARN_OBJC_RECEIVER_WEAK = YES;
				CLANG_WARN_OBJC_REPEATED_USE_OF_WEAK = YES;
				CLANG_WARN_SUSPICIOUS_IMPLICIT_CONVERSION = YES;
				CLANG_WARN__DUPLICATE_METHOD_MATCH = YES;
				CLANG_WARN__EXIT_TIME_DESTRUCTORS = YES;
				COPY_PHASE_STRIP = NO;
				GCC_C_LANGUAGE_STANDARD = gnu99;
				GCC_DYNAMIC_NO_PIC = NO;
				GCC_OPTIMIZATION_LEVEL = 0;
				GCC_PREPROCESSOR_DEFINITIONS = (
					"DEBUG=1",
					"$(inherited)",
				);
				GCC_SHORT_ENUMS = YES;
				GCC_SYMBOLS_PRIVATE_EXTERN = NO;
				GCC_TREAT_IMPLICIT_FUNCTION_DECLARATIONS_AS_ERRORS = YES;
				GCC_TREAT_INCOMPATIBLE_POINTER_TYPE_WARNINGS_AS_ERRORS = YES;
				GCC_WARN_64_TO_32_BIT_CONVERSION = YES;
				GCC_WARN_ABOUT_MISSING_FIELD_INITIALIZERS = YES;
				GCC_WARN_ABOUT_MISSING_NEWLINE = YES;
				GCC_WARN_ABOUT_MISSING_PROTOTYPES = YES;
				GCC_WARN_ABOUT_RETURN_TYPE = YES;
				GCC_WARN_FOUR_CHARACTER_CONSTANTS = YES;
				GCC_WARN_HIDDEN_VIRTUAL_FUNCTIONS = YES;
				GCC_WARN_INITIALIZER_NOT_FULLY_BRACKETED = YES;
				GCC_WARN_MULTIPLE_DEFINITION_TYPES_FOR_SELECTOR = YES;
				GCC_WARN_NON_VIRTUAL_DESTRUCTOR = YES;
				GCC_WARN_PEDANTIC = YES;
				GCC_WARN_SHADOW = YES;
				GCC_WARN_SIGN_COMPARE = YES;
				GCC_WARN_STRICT_SELECTOR_MATCH = YES;
				GCC_WARN_UNDECLARED_SELECTOR = YES;
				GCC_WARN_UNINITIALIZED_AUTOS = YES;
				GCC_WARN_UNKNOWN_PRAGMAS = YES;
				GCC_WARN_UNUSED_FUNCTION = YES;
				GCC_WARN_UNUSED_LABEL = YES;
				GCC_WARN_UNUSED_PARAMETER = YES;
				GCC_WARN_UNUSED_VARIABLE = YES;
				IPHONEOS_DEPLOYMENT_TARGET = 6.1;
				ONLY_ACTIVE_ARCH = YES;
				PRECOMPS_INCLUDE_HEADERS_FROM_BUILT_PRODUCTS_DIR = NO;
				RUN_CLANG_STATIC_ANALYZER = YES;
				SDKROOT = iphoneos;
			};
			name = Debug;
		};
		A19E0C5C17DBB27B00A5FD69 /* Release */ = {
			isa = XCBuildConfiguration;
			buildSettings = {
				ALWAYS_SEARCH_USER_PATHS = NO;
				CLANG_ANALYZER_SECURITY_FLOATLOOPCOUNTER = YES;
				CLANG_ANALYZER_SECURITY_INSECUREAPI_RAND = YES;
				CLANG_ANALYZER_SECURITY_INSECUREAPI_STRCPY = YES;
				CLANG_CXX_LANGUAGE_STANDARD = "gnu++0x";
				CLANG_CXX_LIBRARY = "libc++";
				CLANG_ENABLE_OBJC_ARC = YES;
				CLANG_STATIC_ANALYZER_MODE = deep;
				CLANG_WARN_CONSTANT_CONVERSION = YES;
				CLANG_WARN_CXX0X_EXTENSIONS = YES;
				CLANG_WARN_DEPRECATED_OBJC_IMPLEMENTATIONS = YES;
				CLANG_WARN_DOCUMENTATION_COMMENTS = YES;
				CLANG_WARN_EMPTY_BODY = YES;
				CLANG_WARN_ENUM_CONVERSION = YES;
				CLANG_WARN_IMPLICIT_SIGN_CONVERSION = YES;
				CLANG_WARN_INT_CONVERSION = YES;
				CLANG_WARN_OBJC_EXPLICIT_OWNERSHIP_TYPE = YES;
				CLANG_WARN_OBJC_IMPLICIT_ATOMIC_PROPERTIES = YES;
				CLANG_WARN_OBJC_IMPLICIT_RETAIN_SELF = YES;
				CLANG_WARN_OBJC_MISSING_PROPERTY_SYNTHESIS = YES;
				CLANG_WARN_OBJC_RECEIVER_WEAK = YES;
				CLANG_WARN_OBJC_REPEATED_USE_OF_WEAK = YES;
				CLANG_WARN_SUSPICIOUS_IMPLICIT_CONVERSION = YES;
				CLANG_WARN__DUPLICATE_METHOD_MATCH = YES;
				CLANG_WARN__EXIT_TIME_DESTRUCTORS = YES;
				COPY_PHASE_STRIP = YES;
				GCC_C_LANGUAGE_STANDARD = gnu99;
				GCC_SHORT_ENUMS = YES;
				GCC_TREAT_IMPLICIT_FUNCTION_DECLARATIONS_AS_ERRORS = YES;
				GCC_TREAT_INCOMPATIBLE_POINTER_TYPE_WARNINGS_AS_ERRORS = YES;
				GCC_WARN_64_TO_32_BIT_CONVERSION = YES;
				GCC_WARN_ABOUT_MISSING_FIELD_INITIALIZERS = YES;
				GCC_WARN_ABOUT_MISSING_NEWLINE = YES;
				GCC_WARN_ABOUT_MISSING_PROTOTYPES = YES;
				GCC_WARN_ABOUT_RETURN_TYPE = YES;
				GCC_WARN_FOUR_CHARACTER_CONSTANTS = YES;
				GCC_WARN_HIDDEN_VIRTUAL_FUNCTIONS = YES;
				GCC_WARN_INITIALIZER_NOT_FULLY_BRACKETED = YES;
				GCC_WARN_MULTIPLE_DEFINITION_TYPES_FOR_SELECTOR = YES;
				GCC_WARN_NON_VIRTUAL_DESTRUCTOR = YES;
				GCC_WARN_PEDANTIC = YES;
				GCC_WARN_SHADOW = YES;
				GCC_WARN_SIGN_COMPARE = YES;
				GCC_WARN_STRICT_SELECTOR_MATCH = YES;
				GCC_WARN_UNDECLARED_SELECTOR = YES;
				GCC_WARN_UNINITIALIZED_AUTOS = YES;
				GCC_WARN_UNKNOWN_PRAGMAS = YES;
				GCC_WARN_UNUSED_FUNCTION = YES;
				GCC_WARN_UNUSED_LABEL = YES;
				GCC_WARN_UNUSED_PARAMETER = YES;
				GCC_WARN_UNUSED_VARIABLE = YES;
				IPHONEOS_DEPLOYMENT_TARGET = 6.1;
				ONLY_ACTIVE_ARCH = YES;
				PRECOMPS_INCLUDE_HEADERS_FROM_BUILT_PRODUCTS_DIR = NO;
				RUN_CLANG_STATIC_ANALYZER = YES;
				SDKROOT = iphoneos;
				VALIDATE_PRODUCT = YES;
			};
			name = Release;
		};
		A19E0C5E17DBB27B00A5FD69 /* Debug */ = {
			isa = XCBuildConfiguration;
			baseConfigurationReference = 4F43A5218EDA44E9AEE40B77 /* Pods.xcconfig */;
			buildSettings = {
				DSTROOT = /tmp/CollapsingFutures.dst;
				GCC_PRECOMPILE_PREFIX_HEADER = YES;
				PRODUCT_NAME = "$(TARGET_NAME)";
				SKIP_INSTALL = YES;
			};
			name = Debug;
		};
		A19E0C5F17DBB27B00A5FD69 /* Release */ = {
			isa = XCBuildConfiguration;
			baseConfigurationReference = 4F43A5218EDA44E9AEE40B77 /* Pods.xcconfig */;
			buildSettings = {
				DSTROOT = /tmp/CollapsingFutures.dst;
				GCC_PRECOMPILE_PREFIX_HEADER = YES;
				PRODUCT_NAME = "$(TARGET_NAME)";
				SKIP_INSTALL = YES;
			};
			name = Release;
		};
		A19E0C6117DBB27B00A5FD69 /* Debug */ = {
			isa = XCBuildConfiguration;
			baseConfigurationReference = 4F43A5218EDA44E9AEE40B77 /* Pods.xcconfig */;
			buildSettings = {
				FRAMEWORK_SEARCH_PATHS = (
					"\"$(SDKROOT)/Developer/Library/Frameworks\"",
					"\"$(DEVELOPER_LIBRARY_DIR)/Frameworks\"",
					"$(inherited)",
					"$(DEVELOPER_FRAMEWORKS_DIR)",
				);
				GCC_WARN_PEDANTIC = NO;
				GCC_WARN_UNUSED_PARAMETER = NO;
				PRODUCT_NAME = "$(TARGET_NAME)";
			};
			name = Debug;
		};
		A19E0C6217DBB27B00A5FD69 /* Release */ = {
			isa = XCBuildConfiguration;
			baseConfigurationReference = 4F43A5218EDA44E9AEE40B77 /* Pods.xcconfig */;
			buildSettings = {
				FRAMEWORK_SEARCH_PATHS = (
					"\"$(SDKROOT)/Developer/Library/Frameworks\"",
					"\"$(DEVELOPER_LIBRARY_DIR)/Frameworks\"",
					"$(inherited)",
					"$(DEVELOPER_FRAMEWORKS_DIR)",
				);
				GCC_WARN_PEDANTIC = NO;
				GCC_WARN_UNUSED_PARAMETER = NO;
				PRODUCT_NAME = "$(TARGET_NAME)";
			};
			name = Release;
		};
/* End XCBuildConfiguration section */

/* Begin XCConfigurationList section */
		A19E0C3317DBB27B00A5FD69 /* Build configuration list for PBXProject "CollapsingFutures" */ = {
			isa = XCConfigurationList;
			buildConfigurations = (
				A19E0C5B17DBB27B00A5FD69 /* Debug */,
				A19E0C5C17DBB27B00A5FD69 /* Release */,
			);
			defaultConfigurationIsVisible = 0;
			defaultConfigurationName = Release;
		};
		A19E0C5D17DBB27B00A5FD69 /* Build configuration list for PBXNativeTarget "CollapsingFutures" */ = {
			isa = XCConfigurationList;
			buildConfigurations = (
				A19E0C5E17DBB27B00A5FD69 /* Debug */,
				A19E0C5F17DBB27B00A5FD69 /* Release */,
			);
			defaultConfigurationIsVisible = 0;
			defaultConfigurationName = Release;
		};
		A19E0C6017DBB27B00A5FD69 /* Build configuration list for PBXNativeTarget "CollapsingFuturesTests" */ = {
			isa = XCConfigurationList;
			buildConfigurations = (
				A19E0C6117DBB27B00A5FD69 /* Debug */,
				A19E0C6217DBB27B00A5FD69 /* Release */,
			);
			defaultConfigurationIsVisible = 0;
			defaultConfigurationName = Release;
		};
/* End XCConfigurationList section */
	};
	rootObject = A19E0C3017DBB27B00A5FD69 /* Project object */;
}
